# This file is generated by running "yarn install" inside your project.
# Manual changes might be lost - proceed with caution!

__metadata:
  version: 4
  cacheKey: 8

"CNS-Design-System@workspace:.":
  version: 0.0.0-use.local
  resolution: "CNS-Design-System@workspace:."
  dependencies:
    typescript: ^4.9.5
  languageName: unknown
  linkType: soft

typescript@^4.9.5:
  version: 4.9.5
  resolution: "typescript@npm:4.9.5"
  bin:
    tsc: bin/tsc
    tsserver: bin/tsserver
  checksum: ee000bc26848147ad423b581bd250075662a354d84f0e06eb76d3b892328d8d4440b7487b5a83e851b12b255f55d71835b008a66cbf8f255a11e4400159237db
  languageName: node
  linkType: hard

"typescript@patch:typescript@^4.9.5#~builtin<compat/typescript>":
  version: 4.9.5
  resolution: "typescript@patch:typescript@npm%3A4.9.5#~builtin<compat/typescript>::version=4.9.5&hash=32657b"
  bin:
    tsc: bin/tsc
    tsserver: bin/tsserver
  checksum: dc93a8cb88f42a4b5f074798a38ddf3ba5a8e083663cad6170f4fbfbdb69fe8dfb782584cb47c1e1814f38218699d76bcb39ae83b91333f116058b685c566a4d
  languageName: node
  linkType: hard
